// !$*UTF8*$!
{
	archiveVersion = 1;
	classes = {
	};
	objectVersion = 55;
	objects = {

/* Begin PBXBuildFile section */
		A1CEDD932BABBA8E00FF5CAD /* Crypto_TrackerApp.swift in Sources */ = {isa = PBXBuildFile; fileRef = A1CEDD922BABBA8E00FF5CAD /* Crypto_TrackerApp.swift */; };
		A1CEDD952BABBA8E00FF5CAD /* ContentView.swift in Sources */ = {isa = PBXBuildFile; fileRef = A1CEDD942BABBA8E00FF5CAD /* ContentView.swift */; };
		A1CEDD972BABBA9000FF5CAD /* Assets.xcassets in Resources */ = {isa = PBXBuildFile; fileRef = A1CEDD962BABBA9000FF5CAD /* Assets.xcassets */; };
		A1CEDD9A2BABBA9000FF5CAD /* Preview Assets.xcassets in Resources */ = {isa = PBXBuildFile; fileRef = A1CEDD992BABBA9000FF5CAD /* Preview Assets.xcassets */; };
		A1CEDDA32BABBBDF00FF5CAD /* AppDelegate.swift in Sources */ = {isa = PBXBuildFile; fileRef = A1CEDDA22BABBBDF00FF5CAD /* AppDelegate.swift */; };
/* End PBXBuildFile section */

/* Begin PBXFileReference section */
		A1CEDD8F2BABBA8E00FF5CAD /* Crypto_Tracker.app */ = {isa = PBXFileReference; explicitFileType = wrapper.application; includeInIndex = 0; path = Crypto_Tracker.app; sourceTree = BUILT_PRODUCTS_DIR; };
		A1CEDD922BABBA8E00FF5CAD /* Crypto_TrackerApp.swift */ = {isa = PBXFileReference; lastKnownFileType = sourcecode.swift; path = Crypto_TrackerApp.swift; sourceTree = "<group>"; };
		A1CEDD942BABBA8E00FF5CAD /* ContentView.swift */ = {isa = PBXFileReference; lastKnownFileType = sourcecode.swift; path = ContentView.swift; sourceTree = "<group>"; };
		A1CEDD962BABBA9000FF5CAD /* Assets.xcassets */ = {isa = PBXFileReference; lastKnownFileType = folder.assetcatalog; path = Assets.xcassets; sourceTree = "<group>"; };
		A1CEDD992BABBA9000FF5CAD /* Preview Assets.xcassets */ = {isa = PBXFileReference; lastKnownFileType = folder.assetcatalog; path = "Preview Assets.xcassets"; sourceTree = "<group>"; };
		A1CEDD9B2BABBA9000FF5CAD /* Crypto_Tracker.entitlements */ = {isa = PBXFileReference; lastKnownFileType = text.plist.entitlements; path = Crypto_Tracker.entitlements; sourceTree = "<group>"; };
		A1CEDDA12BABBB1E00FF5CAD /* Crypto-Tracker-Info.plist */ = {isa = PBXFileReference; lastKnownFileType = text.plist; path = "Crypto-Tracker-Info.plist"; sourceTree = SOURCE_ROOT; };
		A1CEDDA22BABBBDF00FF5CAD /* AppDelegate.swift */ = {isa = PBXFileReference; lastKnownFileType = sourcecode.swift; path = AppDelegate.swift; sourceTree = "<group>"; };
/* End PBXFileReference section */

/* Begin PBXFrameworksBuildPhase section */
		A1CEDD8C2BABBA8E00FF5CAD /* Frameworks */ = {
			isa = PBXFrameworksBuildPhase;
			buildActionMask = 2147483647;
			files = (
			);
			runOnlyForDeploymentPostprocessing = 0;
		};
/* End PBXFrameworksBuildPhase section */

/* Begin PBXGroup section */
		A1CEDD862BABBA8E00FF5CAD = {
			isa = PBXGroup;
			children = (
				A1CEDD912BABBA8E00FF5CAD /* Crypto_Tracker */,
				A1CEDD902BABBA8E00FF5CAD /* Products */,
			);
			sourceTree = "<group>";
		};
		A1CEDD902BABBA8E00FF5CAD /* Products */ = {
			isa = PBXGroup;
			children = (
				A1CEDD8F2BABBA8E00FF5CAD /* Crypto_Tracker.app */,
			);
			name = Products;
			sourceTree = "<group>";
		};
		A1CEDD912BABBA8E00FF5CAD /* Crypto_Tracker */ = {
			isa = PBXGroup;
			children = (
				A1CEDDA12BABBB1E00FF5CAD /* Crypto-Tracker-Info.plist */,
				A1CEDD922BABBA8E00FF5CAD /* Crypto_TrackerApp.swift */,
				A1CEDD942BABBA8E00FF5CAD /* ContentView.swift */,
				A1CEDD962BABBA9000FF5CAD /* Assets.xcassets */,
				A1CEDD9B2BABBA9000FF5CAD /* Crypto_Tracker.entitlements */,
				A1CEDD982BABBA9000FF5CAD /* Preview Content */,
				A1CEDDA22BABBBDF00FF5CAD /* AppDelegate.swift */,
			);
			path = Crypto_Tracker;
			sourceTree = "<group>";
		};
		A1CEDD982BABBA9000FF5CAD /* Preview Content */ = {
			isa = PBXGroup;
			children = (
				A1CEDD992BABBA9000FF5CAD /* Preview Assets.xcassets */,
			);
			path = "Preview Content";
			sourceTree = "<group>";
		};
/* End PBXGroup section */

/* Begin PBXNativeTarget section */
		A1CEDD8E2BABBA8E00FF5CAD /* Crypto_Tracker */ = {
			isa = PBXNativeTarget;
			buildConfigurationList = A1CEDD9E2BABBA9000FF5CAD /* Build configuration list for PBXNativeTarget "Crypto_Tracker" */;
			buildPhases = (
				A1CEDD8B2BABBA8E00FF5CAD /* Sources */,
				A1CEDD8C2BABBA8E00FF5CAD /* Frameworks */,
				A1CEDD8D2BABBA8E00FF5CAD /* Resources */,
			);
			buildRules = (
			);
			dependencies = (
			);
			name = Crypto_Tracker;
			productName = Crypto_Tracker;
			productReference = A1CEDD8F2BABBA8E00FF5CAD /* Crypto_Tracker.app */;
			productType = "com.apple.product-type.application";
		};
/* End PBXNativeTarget section */

/* Begin PBXProject section */
		A1CEDD872BABBA8E00FF5CAD /* Project object */ = {
			isa = PBXProject;
			attributes = {
				BuildIndependentTargetsInParallel = 1;
				LastSwiftUpdateCheck = 1340;
				LastUpgradeCheck = 1340;
				TargetAttributes = {
					A1CEDD8E2BABBA8E00FF5CAD = {
						CreatedOnToolsVersion = 13.4.1;
					};
				};
			};
			buildConfigurationList = A1CEDD8A2BABBA8E00FF5CAD /* Build configuration list for PBXProject "Crypto_Tracker" */;
			compatibilityVersion = "Xcode 13.0";
			developmentRegion = en;
			hasScannedForEncodings = 0;
			knownRegions = (
				en,
				Base,
			);
			mainGroup = A1CEDD862BABBA8E00FF5CAD;
			productRefGroup = A1CEDD902BABBA8E00FF5CAD /* Products */;
			projectDirPath = "";
			projectRoot = "";
			targets = (
				A1CEDD8E2BABBA8E00FF5CAD /* Crypto_Tracker */,
			);
		};
/* End PBXProject section */

/* Begin PBXResourcesBuildPhase section */
		A1CEDD8D2BABBA8E00FF5CAD /* Resources */ = {
			isa = PBXResourcesBuildPhase;
			buildActionMask = 2147483647;
			files = (
				A1CEDD9A2BABBA9000FF5CAD /* Preview Assets.xcassets in Resources */,
				A1CEDD972BABBA9000FF5CAD /* Assets.xcassets in Resources */,
			);
			runOnlyForDeploymentPostprocessing = 0;
		};
/* End PBXResourcesBuildPhase section */

/* Begin PBXSourcesBuildPhase section */
		A1CEDD8B2BABBA8E00FF5CAD /* Sources */ = {
			isa = PBXSourcesBuildPhase;
			buildActionMask = 2147483647;
			files = (
				A1CEDDA32BABBBDF00FF5CAD /* AppDelegate.swift in Sources */,
				A1CEDD952BABBA8E00FF5CAD /* ContentView.swift in Sources */,
				A1CEDD932BABBA8E00FF5CAD /* Crypto_TrackerApp.swift in Sources */,
			);
			runOnlyForDeploymentPostprocessing = 0;
		};
/* End PBXSourcesBuildPhase section */

/* Begin XCBuildConfiguration section */
		A1CEDD9C2BABBA9000FF5CAD /* Debug */ = {
			isa = XCBuildConfiguration;
			buildSettings = {
				ALWAYS_SEARCH_USER_PATHS = NO;
				CLANG_ANALYZER_NONNULL = YES;
				CLANG_ANALYZER_NUMBER_OBJECT_CONVERSION = YES_AGGRESSIVE;
				CLANG_CXX_LANGUAGE_STANDARD = "gnu++17";
				CLANG_ENABLE_MODULES = YES;
				CLANG_ENABLE_OBJC_ARC = YES;
				CLANG_ENABLE_OBJC_WEAK = YES;
				CLANG_WARN_BLOCK_CAPTURE_AUTORELEASING = YES;
				CLANG_WARN_BOOL_CONVERSION = YES;
				CLANG_WARN_COMMA = YES;
				CLANG_WARN_CONSTANT_CONVERSION = YES;
				CLANG_WARN_DEPRECATED_OBJC_IMPLEMENTATIONS = YES;
				CLANG_WARN_DIRECT_OBJC_ISA_USAGE = YES_ERROR;
				CLANG_WARN_DOCUMENTATION_COMMENTS = YES;
				CLANG_WARN_EMPTY_BODY = YES;
				CLANG_WARN_ENUM_CONVERSION = YES;
				CLANG_WARN_INFINITE_RECURSION = YES;
				CLANG_WARN_INT_CONVERSION = YES;
				CLANG_WARN_NON_LITERAL_NULL_CONVERSION = YES;
				CLANG_WARN_OBJC_IMPLICIT_RETAIN_SELF = YES;
				CLANG_WARN_OBJC_LITERAL_CONVERSION = YES;
				CLANG_WARN_OBJC_ROOT_CLASS = YES_ERROR;
				CLANG_WARN_QUOTED_INCLUDE_IN_FRAMEWORK_HEADER = YES;
				CLANG_WARN_RANGE_LOOP_ANALYSIS = YES;
				CLANG_WARN_STRICT_PROTOTYPES = YES;
				CLANG_WARN_SUSPICIOUS_MOVE = YES;
				CLANG_WARN_UNGUARDED_AVAILABILITY = YES_AGGRESSIVE;
				CLANG_WARN_UNREACHABLE_CODE = YES;
				CLANG_WARN__DUPLICATE_METHOD_MATCH = YES;
				COPY_PHASE_STRIP = NO;
				DEBUG_INFORMATION_FORMAT = dwarf;
				ENABLE_STRICT_OBJC_MSGSEND = YES;
				ENABLE_TESTABILITY = YES;
				GCC_C_LANGUAGE_STANDARD = gnu11;
				GCC_DYNAMIC_NO_PIC = NO;
				GCC_NO_COMMON_BLOCKS = YES;
				GCC_OPTIMIZATION_LEVEL = 0;
				GCC_PREPROCESSOR_DEFINITIONS = (
					"DEBUG=1",
					"$(inherited)",
				);
				GCC_WARN_64_TO_32_BIT_CONVERSION = YES;
				GCC_WARN_ABOUT_RETURN_TYPE = YES_ERROR;
				GCC_WARN_UNDECLARED_SELECTOR = YES;
				GCC_WARN_UNINITIALIZED_AUTOS = YES_AGGRESSIVE;
				GCC_WARN_UNUSED_FUNCTION = YES;
				GCC_WARN_UNUSED_VARIABLE = YES;
				MACOSX_DEPLOYMENT_TARGET = 12.1;
				MTL_ENABLE_DEBUG_INFO = INCLUDE_SOURCE;
				MTL_FAST_MATH = YES;
				ONLY_ACTIVE_ARCH = YES;
				SDKROOT = macosx;
				SWIFT_ACTIVE_COMPILATION_CONDITIONS = DEBUG;
				SWIFT_OPTIMIZATION_LEVEL = "-Onone";
			};
			name = Debug;
		};
		A1CEDD9D2BABBA9000FF5CAD /* Release */ = {
			isa = XCBuildConfiguration;
			buildSettings = {
				ALWAYS_SEARCH_USER_PATHS = NO;
				CLANG_ANALYZER_NONNULL = YES;
				CLANG_ANALYZER_NUMBER_OBJECT_CONVERSION = YES_AGGRESSIVE;
				CLANG_CXX_LANGUAGE_STANDARD = "gnu++17";
				CLANG_ENABLE_MODULES = YES;
				CLANG_ENABLE_OBJC_ARC = YES;
				CLANG_ENABLE_OBJC_WEAK = YES;
				CLANG_WARN_BLOCK_CAPTURE_AUTORELEASING = YES;
				CLANG_WARN_BOOL_CONVERSION = YES;
				CLANG_WARN_COMMA = YES;
				CLANG_WARN_CONSTANT_CONVERSION = YES;
				CLANG_WARN_DEPRECATED_OBJC_IMPLEMENTATIONS = YES;
				CLANG_WARN_DIRECT_OBJC_ISA_USAGE = YES_ERROR;
				CLANG_WARN_DOCUMENTATION_COMMENTS = YES;
				CLANG_WARN_EMPTY_BODY = YES;
				CLANG_WARN_ENUM_CONVERSION = YES;
				CLANG_WARN_INFINITE_RECURSION = YES;
				CLANG_WARN_INT_CONVERSION = YES;
				CLANG_WARN_NON_LITERAL_NULL_CONVERSION = YES;
				CLANG_WARN_OBJC_IMPLICIT_RETAIN_SELF = YES;
				CLANG_WARN_OBJC_LITERAL_CONVERSION = YES;
				CLANG_WARN_OBJC_ROOT_CLASS = YES_ERROR;
				CLANG_WARN_QUOTED_INCLUDE_IN_FRAMEWORK_HEADER = YES;
				CLANG_WARN_RANGE_LOOP_ANALYSIS = YES;
				CLANG_WARN_STRICT_PROTOTYPES = YES;
				CLANG_WARN_SUSPICIOUS_MOVE = YES;
				CLANG_WARN_UNGUARDED_AVAILABILITY = YES_AGGRESSIVE;
				CLANG_WARN_UNREACHABLE_CODE = YES;
				CLANG_WARN__DUPLICATE_METHOD_MATCH = YES;
				COPY_PHASE_STRIP = NO;
				DEBUG_INFORMATION_FORMAT = "dwarf-with-dsym";
				ENABLE_NS_ASSERTIONS = NO;
				ENABLE_STRICT_OBJC_MSGSEND = YES;
				GCC_C_LANGUAGE_STANDARD = gnu11;
				GCC_NO_COMMON_BLOCKS = YES;
				GCC_WARN_64_TO_32_BIT_CONVERSION = YES;
				GCC_WARN_ABOUT_RETURN_TYPE = YES_ERROR;
				GCC_WARN_UNDECLARED_SELECTOR = YES;
				GCC_WARN_UNINITIALIZED_AUTOS = YES_AGGRESSIVE;
				GCC_WARN_UNUSED_FUNCTION = YES;
				GCC_WARN_UNUSED_VARIABLE = YES;
				MACOSX_DEPLOYMENT_TARGET = 12.1;
				MTL_ENABLE_DEBUG_INFO = NO;
				MTL_FAST_MATH = YES;
				SDKROOT = macosx;
				SWIFT_COMPILATION_MODE = wholemodule;
				SWIFT_OPTIMIZATION_LEVEL = "-O";
			};
			name = Release;
		};
		A1CEDD9F2BABBA9000FF5CAD /* Debug */ = {
			isa = XCBuildConfiguration;
			buildSettings = {
				ASSETCATALOG_COMPILER_APPICON_NAME = AppIcon;
				ASSETCATALOG_COMPILER_GLOBAL_ACCENT_COLOR_NAME = AccentColor;
				CODE_SIGN_ENTITLEMENTS = Crypto_Tracker/Crypto_Tracker.entitlements;
				CODE_SIGN_STYLE = Automatic;
				COMBINE_HIDPI_IMAGES = YES;
				CURRENT_PROJECT_VERSION = 1;
				DEVELOPMENT_ASSET_PATHS = "\"Crypto_Tracker/Preview Content\"";
				DEVELOPMENT_TEAM = SV7W3C5M78;
				ENABLE_HARDENED_RUNTIME = YES;
				ENABLE_PREVIEWS = YES;
				GENERATE_INFOPLIST_FILE = YES;
				INFOPLIST_FILE = "Crypto-Tracker-Info.plist";
				INFOPLIST_KEY_NSHumanReadableCopyright = "";
				LD_RUNPATH_SEARCH_PATHS = (
					"$(inherited)",
					"@executable_path/../Frameworks",
				);
				MARKETING_VERSION = 1.0;
				PRODUCT_BUNDLE_IDENTIFIER = "com.junhyukhur.Crypto-Tracker";
				PRODUCT_NAME = "$(TARGET_NAME)";
				SWIFT_EMIT_LOC_STRINGS = YES;
				SWIFT_VERSION = 5.0;
			};
			name = Debug;
		};
		A1CEDDA02BABBA9000FF5CAD /* Release */ = {
			isa = XCBuildConfiguration;
			buildSettings = {
				ASSETCATALOG_COMPILER_APPICON_NAME = AppIcon;
				ASSETCATALOG_COMPILER_GLOBAL_ACCENT_COLOR_NAME = AccentColor;
				CODE_SIGN_ENTITLEMENTS = Crypto_Tracker/Crypto_Tracker.entitlements;
				CODE_SIGN_STYLE = Automatic;
				COMBINE_HIDPI_IMAGES = YES;
				CURRENT_PROJECT_VERSION = 1;
				DEVELOPMENT_ASSET_PATHS = "\"Crypto_Tracker/Preview Content\"";
				DEVELOPMENT_TEAM = SV7W3C5M78;
				ENABLE_HARDENED_RUNTIME = YES;
				ENABLE_PREVIEWS = YES;
				GENERATE_INFOPLIST_FILE = YES;
				INFOPLIST_FILE = "Crypto-Tracker-Info.plist";
				INFOPLIST_KEY_NSHumanReadableCopyright = "";
				LD_RUNPATH_SEARCH_PATHS = (
					"$(inherited)",
					"@executable_path/../Frameworks",
				);
				MARKETING_VERSION = 1.0;
				PRODUCT_BUNDLE_IDENTIFIER = "com.junhyukhur.Crypto-Tracker";
				PRODUCT_NAME = "$(TARGET_NAME)";
				SWIFT_EMIT_LOC_STRINGS = YES;
				SWIFT_VERSION = 5.0;
			};
			name = Release;
		};
/* End XCBuildConfiguration section */

/* Begin XCConfigurationList section */
		A1CEDD8A2BABBA8E00FF5CAD /* Build configuration list for PBXProject "Crypto_Tracker" */ = {
			isa = XCConfigurationList;
			buildConfigurations = (
				A1CEDD9C2BABBA9000FF5CAD /* Debug */,
				A1CEDD9D2BABBA9000FF5CAD /* Release */,
			);
			defaultConfigurationIsVisible = 0;
			defaultConfigurationName = Release;
		};
		A1CEDD9E2BABBA9000FF5CAD /* Build configuration list for PBXNativeTarget "Crypto_Tracker" */ = {
			isa = XCConfigurationList;
			buildConfigurations = (
				A1CEDD9F2BABBA9000FF5CAD /* Debug */,
				A1CEDDA02BABBA9000FF5CAD /* Release */,
			);
			defaultConfigurationIsVisible = 0;
			defaultConfigurationName = Release;
		};
/* End XCConfigurationList section */
	};
	rootObject = A1CEDD872BABBA8E00FF5CAD /* Project object */;
}
